
Microsoft Visual Studio Solution File, Format Version 12.00
# Visual Studio 2013
VisualStudioVersion = 12.0.31101.0
MinimumVisualStudioVersion = 10.0.40219.1
Project("{FAE04EC0-301F-11D3-BF4B-00C04F79EFBC}") = "Joins", "Joins.csproj", "{02C361DC-0EE6-4214-BBB1-819B54637567}"
EndProject
Global
	GlobalSection(SolutionConfigurationPlatforms) = preSolution
		Debug|Any CPU = Debug|Any CPU
		Release|Any CPU = Release|Any CPU
	EndGlobalSection
	GlobalSection(ProjectConfigurationPlatforms) = postSolution
		{02C361DC-0EE6-4214-BBB1-819B54637567}.Debug|Any CPU.ActiveCfg = Debug|Any CPU
		{02C361DC-0EE6-4214-BBB1-819B54637567}.Debug|Any CPU.Build.0 = Debug|Any CPU
		{02C361DC-0EE6-4214-BBB1-819B54637567}.Release|Any CPU.ActiveCfg = Release|Any CPU
		{02C361DC-0EE6-4214-BBB1-819B54637567}.Release|Any CPU.Build.0 = Release|Any CPU
	EndGlobalSection
	GlobalSection(SolutionProperties) = preSolution
		HideSolutionNode = FALSE
	EndGlobalSection
EndGlobal
